
Microsoft Visual Studio Solution File, Format Version 12.00
# Visual Studio Version 16
VisualStudioVersion = 16.0.31402.337
MinimumVisualStudioVersion = 10.0.40219.1
Project("{FAE04EC0-301F-11D3-BF4B-00C04F79EFBC}") = "WebApplicationNotificacion", "WebApplicationNotificacion\WebApplicationNotificacion.csproj", "{5C3BCFBD-D633-46D1-A8F1-0FCB6F31A259}"
EndProject
Global
	GlobalSection(SolutionConfigurationPlatforms) = preSolution
		Debug|Any CPU = Debug|Any CPU
		Release|Any CPU = Release|Any CPU
	EndGlobalSection
	GlobalSection(ProjectConfigurationPlatforms) = postSolution
		{5C3BCFBD-D633-46D1-A8F1-0FCB6F31A259}.Debug|Any CPU.ActiveCfg = Debug|Any CPU
		{5C3BCFBD-D633-46D1-A8F1-0FCB6F31A259}.Debug|Any CPU.Build.0 = Debug|Any CPU
		{5C3BCFBD-D633-46D1-A8F1-0FCB6F31A259}.Release|Any CPU.ActiveCfg = Release|Any CPU
		{5C3BCFBD-D633-46D1-A8F1-0FCB6F31A259}.Release|Any CPU.Build.0 = Release|Any CPU
	EndGlobalSection
	GlobalSection(SolutionProperties) = preSolution
		HideSolutionNode = FALSE
	EndGlobalSection
	GlobalSection(ExtensibilityGlobals) = postSolution
		SolutionGuid = {CF6A1568-1934-4CAD-BA2A-2864E5FE8195}
	EndGlobalSection
EndGlobal
